// !$*UTF8*$!
{
	archiveVersion = 1;
	classes = {
	};
	objectVersion = 50;
	objects = {

/* Begin PBXBuildFile section */
		0D199D432570AD9C00E32E3E /* UIImage+Size.m in Sources */ = {isa = PBXBuildFile; fileRef = 0D199D422570AD9C00E32E3E /* UIImage+Size.m */; };
		0D199D492570F44100E32E3E /* YCResultSetBaseVC.m in Sources */ = {isa = PBXBuildFile; fileRef = 0D199D482570F44100E32E3E /* YCResultSetBaseVC.m */; };
		0D35777B2571F87F0097E0DF /* YCBottomBar.m in Sources */ = {isa = PBXBuildFile; fileRef = 0D35777A2571F87E0097E0DF /* YCBottomBar.m */; };
		0D51686025751F0B00130514 /* SVRadialGradientLayer.m in Sources */ = {isa = PBXBuildFile; fileRef = 0D51685625751F0B00130514 /* SVRadialGradientLayer.m */; };
		0D51686125751F0B00130514 /* SVProgressAnimatedView.m in Sources */ = {isa = PBXBuildFile; fileRef = 0D51685925751F0B00130514 /* SVProgressAnimatedView.m */; };
		0D51686225751F0B00130514 /* SVProgressHUD.m in Sources */ = {isa = PBXBuildFile; fileRef = 0D51685C25751F0B00130514 /* SVProgressHUD.m */; };
		0D51686325751F0B00130514 /* SVIndefiniteAnimatedView.m in Sources */ = {isa = PBXBuildFile; fileRef = 0D51685D25751F0B00130514 /* SVIndefiniteAnimatedView.m */; };
		0D51686425751F0B00130514 /* SVProgressHUD.bundle in Resources */ = {isa = PBXBuildFile; fileRef = 0D51685E25751F0B00130514 /* SVProgressHUD.bundle */; };
		0D5456D4256FCE5900CE20DE /* YCPreviewGesture.m in Sources */ = {isa = PBXBuildFile; fileRef = 0D5456D3256FCE5900CE20DE /* YCPreviewGesture.m */; };
		0D5456D9256FD76E00CE20DE /* YCPreviewGestureScaleNext.m in Sources */ = {isa = PBXBuildFile; fileRef = 0D5456D8256FD76E00CE20DE /* YCPreviewGestureScaleNext.m */; };
		0D5456DE256FD8B500CE20DE /* YCPreviewGestureHintNext.m in Sources */ = {isa = PBXBuildFile; fileRef = 0D5456DD256FD8B500CE20DE /* YCPreviewGestureHintNext.m */; };
		0D85C983256BDA470044C0F5 /* YCLikeTestVC.m in Sources */ = {isa = PBXBuildFile; fileRef = 0D85C982256BDA470044C0F5 /* YCLikeTestVC.m */; };
		0D85C98B256BE67C0044C0F5 /* YCImageCompare.mm in Sources */ = {isa = PBXBuildFile; fileRef = 0D85C987256BE6790044C0F5 /* YCImageCompare.mm */; };
		0D85C98C256BE67C0044C0F5 /* YCGetSimilarity.m in Sources */ = {isa = PBXBuildFile; fileRef = 0D85C988256BE6790044C0F5 /* YCGetSimilarity.m */; };
		0D85C98D256BE67C0044C0F5 /* opencv2.framework in Frameworks */ = {isa = PBXBuildFile; fileRef = 0D85C989256BE67C0044C0F5 /* opencv2.framework */; };
		0D9AF95F255FE835006F6B9B /* UIImageView+YCImageView.m in Sources */ = {isa = PBXBuildFile; fileRef = 0D9AF95D255FE834006F6B9B /* UIImageView+YCImageView.m */; };
		0DA22A3F255BC015005358F0 /* AppDelegate.m in Sources */ = {isa = PBXBuildFile; fileRef = 0DA22A3E255BC015005358F0 /* AppDelegate.m */; };
		0DA22A42255BC015005358F0 /* SceneDelegate.m in Sources */ = {isa = PBXBuildFile; fileRef = 0DA22A41255BC015005358F0 /* SceneDelegate.m */; };
		0DA22A48255BC015005358F0 /* Main.storyboard in Resources */ = {isa = PBXBuildFile; fileRef = 0DA22A46255BC015005358F0 /* Main.storyboard */; };
		0DA22A4A255BC016005358F0 /* Assets.xcassets in Resources */ = {isa = PBXBuildFile; fileRef = 0DA22A49255BC016005358F0 /* Assets.xcassets */; };
		0DA22A4D255BC016005358F0 /* LaunchScreen.storyboard in Resources */ = {isa = PBXBuildFile; fileRef = 0DA22A4B255BC016005358F0 /* LaunchScreen.storyboard */; };
		0DA22A50255BC016005358F0 /* main.m in Sources */ = {isa = PBXBuildFile; fileRef = 0DA22A4F255BC016005358F0 /* main.m */; };
		0DA22A5A255BC920005358F0 /* YCTabBarVC.m in Sources */ = {isa = PBXBuildFile; fileRef = 0DA22A59255BC920005358F0 /* YCTabBarVC.m */; };
		0DA22A5F255BCA4B005358F0 /* YCAssetListBaseVC.m in Sources */ = {isa = PBXBuildFile; fileRef = 0DA22A5E255BCA4B005358F0 /* YCAssetListBaseVC.m */; };
		0DA22A65255BCAA2005358F0 /* YCMineVC.m in Sources */ = {isa = PBXBuildFile; fileRef = 0DA22A64255BCAA2005358F0 /* YCMineVC.m */; };
		0DA22A6F255BD382005358F0 /* YCAssetListBaseCell.m in Sources */ = {isa = PBXBuildFile; fileRef = 0DA22A6E255BD382005358F0 /* YCAssetListBaseCell.m */; };
		0DA22A76255BD7E8005358F0 /* PMAsset.m in Sources */ = {isa = PBXBuildFile; fileRef = 0DA22A75255BD7E8005358F0 /* PMAsset.m */; };
		0DA22A7A255BD87C005358F0 /* NSObject+PerformBlockAfterDelay.m in Sources */ = {isa = PBXBuildFile; fileRef = 0DA22A79255BD87C005358F0 /* NSObject+PerformBlockAfterDelay.m */; };
		0DA22A7E255BE359005358F0 /* YCUtil.m in Sources */ = {isa = PBXBuildFile; fileRef = 0DA22A7D255BE359005358F0 /* YCUtil.m */; };
		0DA22A83255D29E6005358F0 /* YCAssetPreviewVC.m in Sources */ = {isa = PBXBuildFile; fileRef = 0DA22A82255D29E6005358F0 /* YCAssetPreviewVC.m */; };
		0DA22A88255D2B3E005358F0 /* YCAssetPreviewCell.m in Sources */ = {isa = PBXBuildFile; fileRef = 0DA22A87255D2B3E005358F0 /* YCAssetPreviewCell.m */; };
		0DA22A8E255D397A005358F0 /* YCAssetsManager.m in Sources */ = {isa = PBXBuildFile; fileRef = 0DA22A8D255D397A005358F0 /* YCAssetsManager.m */; };
		0DA26FE725622D5F0096B5BB /* YCAlbumListBaseCell.m in Sources */ = {isa = PBXBuildFile; fileRef = 0DA26FE625622D5F0096B5BB /* YCAlbumListBaseCell.m */; };
		0DAE261D25622A07001C7D5A /* YCAlbumListBaseVC.m in Sources */ = {isa = PBXBuildFile; fileRef = 0DAE261C25622A07001C7D5A /* YCAlbumListBaseVC.m */; };
		0DF41D3F256663B600CFFFDE /* YCPreviewTransitionLayout.m in Sources */ = {isa = PBXBuildFile; fileRef = 0DF41D3E256663B600CFFFDE /* YCPreviewTransitionLayout.m */; };
/* End PBXBuildFile section */

/* Begin PBXFileReference section */
		0D199D412570AD9C00E32E3E /* UIImage+Size.h */ = {isa = PBXFileReference; lastKnownFileType = sourcecode.c.h; path = "UIImage+Size.h"; sourceTree = "<group>"; };
		0D199D422570AD9C00E32E3E /* UIImage+Size.m */ = {isa = PBXFileReference; lastKnownFileType = sourcecode.c.objc; path = "UIImage+Size.m"; sourceTree = "<group>"; };
		0D199D472570F44100E32E3E /* YCResultSetBaseVC.h */ = {isa = PBXFileReference; lastKnownFileType = sourcecode.c.h; path = YCResultSetBaseVC.h; sourceTree = "<group>"; };
		0D199D482570F44100E32E3E /* YCResultSetBaseVC.m */ = {isa = PBXFileReference; lastKnownFileType = sourcecode.c.objc; path = YCResultSetBaseVC.m; sourceTree = "<group>"; };
		0D3577792571F87E0097E0DF /* YCBottomBar.h */ = {isa = PBXFileReference; lastKnownFileType = sourcecode.c.h; path = YCBottomBar.h; sourceTree = "<group>"; };
		0D35777A2571F87E0097E0DF /* YCBottomBar.m */ = {isa = PBXFileReference; lastKnownFileType = sourcecode.c.objc; path = YCBottomBar.m; sourceTree = "<group>"; };
		0D51685625751F0B00130514 /* SVRadialGradientLayer.m */ = {isa = PBXFileReference; fileEncoding = 4; lastKnownFileType = sourcecode.c.objc; path = SVRadialGradientLayer.m; sourceTree = "<group>"; };
		0D51685725751F0B00130514 /* SVIndefiniteAnimatedView.h */ = {isa = PBXFileReference; fileEncoding = 4; lastKnownFileType = sourcecode.c.h; path = SVIndefiniteAnimatedView.h; sourceTree = "<group>"; };
		0D51685825751F0B00130514 /* SVProgressHUD.h */ = {isa = PBXFileReference; fileEncoding = 4; lastKnownFileType = sourcecode.c.h; path = SVProgressHUD.h; sourceTree = "<group>"; };
		0D51685925751F0B00130514 /* SVProgressAnimatedView.m */ = {isa = PBXFileReference; fileEncoding = 4; lastKnownFileType = sourcecode.c.objc; path = SVProgressAnimatedView.m; sourceTree = "<group>"; };
		0D51685A25751F0B00130514 /* SVProgressHUD-Prefix.pch */ = {isa = PBXFileReference; fileEncoding = 4; lastKnownFileType = sourcecode.c.h; path = "SVProgressHUD-Prefix.pch"; sourceTree = "<group>"; };
		0D51685B25751F0B00130514 /* SVRadialGradientLayer.h */ = {isa = PBXFileReference; fileEncoding = 4; lastKnownFileType = sourcecode.c.h; path = SVRadialGradientLayer.h; sourceTree = "<group>"; };
		0D51685C25751F0B00130514 /* SVProgressHUD.m */ = {isa = PBXFileReference; fileEncoding = 4; lastKnownFileType = sourcecode.c.objc; path = SVProgressHUD.m; sourceTree = "<group>"; };
		0D51685D25751F0B00130514 /* SVIndefiniteAnimatedView.m */ = {isa = PBXFileReference; fileEncoding = 4; lastKnownFileType = sourcecode.c.objc; path = SVIndefiniteAnimatedView.m; sourceTree = "<group>"; };
		0D51685E25751F0B00130514 /* SVProgressHUD.bundle */ = {isa = PBXFileReference; lastKnownFileType = "wrapper.plug-in"; path = SVProgressHUD.bundle; sourceTree = "<group>"; };
		0D51685F25751F0B00130514 /* SVProgressAnimatedView.h */ = {isa = PBXFileReference; fileEncoding = 4; lastKnownFileType = sourcecode.c.h; path = SVProgressAnimatedView.h; sourceTree = "<group>"; };
		0D5456D2256FCE5900CE20DE /* YCPreviewGesture.h */ = {isa = PBXFileReference; lastKnownFileType = sourcecode.c.h; path = YCPreviewGesture.h; sourceTree = "<group>"; };
		0D5456D3256FCE5900CE20DE /* YCPreviewGesture.m */ = {isa = PBXFileReference; lastKnownFileType = sourcecode.c.objc; path = YCPreviewGesture.m; sourceTree = "<group>"; };
		0D5456D7256FD76E00CE20DE /* YCPreviewGestureScaleNext.h */ = {isa = PBXFileReference; lastKnownFileType = sourcecode.c.h; path = YCPreviewGestureScaleNext.h; sourceTree = "<group>"; };
		0D5456D8256FD76E00CE20DE /* YCPreviewGestureScaleNext.m */ = {isa = PBXFileReference; lastKnownFileType = sourcecode.c.objc; path = YCPreviewGestureScaleNext.m; sourceTree = "<group>"; };
		0D5456DC256FD8B500CE20DE /* YCPreviewGestureHintNext.h */ = {isa = PBXFileReference; lastKnownFileType = sourcecode.c.h; path = YCPreviewGestureHintNext.h; sourceTree = "<group>"; };
		0D5456DD256FD8B500CE20DE /* YCPreviewGestureHintNext.m */ = {isa = PBXFileReference; lastKnownFileType = sourcecode.c.objc; path = YCPreviewGestureHintNext.m; sourceTree = "<group>"; };
		0D85C981256BDA470044C0F5 /* YCLikeTestVC.h */ = {isa = PBXFileReference; lastKnownFileType = sourcecode.c.h; path = YCLikeTestVC.h; sourceTree = "<group>"; };
		0D85C982256BDA470044C0F5 /* YCLikeTestVC.m */ = {isa = PBXFileReference; lastKnownFileType = sourcecode.c.objc; path = YCLikeTestVC.m; sourceTree = "<group>"; };
		0D85C986256BE6790044C0F5 /* YCGetSimilarity.h */ = {isa = PBXFileReference; fileEncoding = 4; lastKnownFileType = sourcecode.c.h; path = YCGetSimilarity.h; sourceTree = "<group>"; };
		0D85C987256BE6790044C0F5 /* YCImageCompare.mm */ = {isa = PBXFileReference; fileEncoding = 4; lastKnownFileType = sourcecode.cpp.objcpp; path = YCImageCompare.mm; sourceTree = "<group>"; };
		0D85C988256BE6790044C0F5 /* YCGetSimilarity.m */ = {isa = PBXFileReference; fileEncoding = 4; lastKnownFileType = sourcecode.c.objc; path = YCGetSimilarity.m; sourceTree = "<group>"; };
		0D85C989256BE67C0044C0F5 /* opencv2.framework */ = {isa = PBXFileReference; lastKnownFileType = wrapper.framework; path = opencv2.framework; sourceTree = "<group>"; };
		0D85C98A256BE67C0044C0F5 /* YCImageCompare.h */ = {isa = PBXFileReference; fileEncoding = 4; lastKnownFileType = sourcecode.c.h; path = YCImageCompare.h; sourceTree = "<group>"; };
		0D9AF95D255FE834006F6B9B /* UIImageView+YCImageView.m */ = {isa = PBXFileReference; fileEncoding = 4; lastKnownFileType = sourcecode.c.objc; path = "UIImageView+YCImageView.m"; sourceTree = "<group>"; };
		0D9AF95E255FE835006F6B9B /* UIImageView+YCImageView.h */ = {isa = PBXFileReference; fileEncoding = 4; lastKnownFileType = sourcecode.c.h; path = "UIImageView+YCImageView.h"; sourceTree = "<group>"; };
		0DA22A3A255BC015005358F0 /* YCPictureManager.app */ = {isa = PBXFileReference; explicitFileType = wrapper.application; includeInIndex = 0; path = YCPictureManager.app; sourceTree = BUILT_PRODUCTS_DIR; };
		0DA22A3D255BC015005358F0 /* AppDelegate.h */ = {isa = PBXFileReference; lastKnownFileType = sourcecode.c.h; path = AppDelegate.h; sourceTree = "<group>"; };
		0DA22A3E255BC015005358F0 /* AppDelegate.m */ = {isa = PBXFileReference; lastKnownFileType = sourcecode.c.objc; path = AppDelegate.m; sourceTree = "<group>"; };
		0DA22A40255BC015005358F0 /* SceneDelegate.h */ = {isa = PBXFileReference; lastKnownFileType = sourcecode.c.h; path = SceneDelegate.h; sourceTree = "<group>"; };
		0DA22A41255BC015005358F0 /* SceneDelegate.m */ = {isa = PBXFileReference; lastKnownFileType = sourcecode.c.objc; path = SceneDelegate.m; sourceTree = "<group>"; };
		0DA22A47255BC015005358F0 /* Base */ = {isa = PBXFileReference; lastKnownFileType = file.storyboard; name = Base; path = Base.lproj/Main.storyboard; sourceTree = "<group>"; };
		0DA22A49255BC016005358F0 /* Assets.xcassets */ = {isa = PBXFileReference; lastKnownFileType = folder.assetcatalog; path = Assets.xcassets; sourceTree = "<group>"; };
		0DA22A4C255BC016005358F0 /* Base */ = {isa = PBXFileReference; lastKnownFileType = file.storyboard; name = Base; path = Base.lproj/LaunchScreen.storyboard; sourceTree = "<group>"; };
		0DA22A4E255BC016005358F0 /* Info.plist */ = {isa = PBXFileReference; lastKnownFileType = text.plist.xml; path = Info.plist; sourceTree = "<group>"; };
		0DA22A4F255BC016005358F0 /* main.m */ = {isa = PBXFileReference; lastKnownFileType = sourcecode.c.objc; path = main.m; sourceTree = "<group>"; };
		0DA22A58255BC920005358F0 /* YCTabBarVC.h */ = {isa = PBXFileReference; lastKnownFileType = sourcecode.c.h; path = YCTabBarVC.h; sourceTree = "<group>"; };
		0DA22A59255BC920005358F0 /* YCTabBarVC.m */ = {isa = PBXFileReference; lastKnownFileType = sourcecode.c.objc; path = YCTabBarVC.m; sourceTree = "<group>"; };
		0DA22A5D255BCA4B005358F0 /* YCAssetListBaseVC.h */ = {isa = PBXFileReference; lastKnownFileType = sourcecode.c.h; path = YCAssetListBaseVC.h; sourceTree = "<group>"; };
		0DA22A5E255BCA4B005358F0 /* YCAssetListBaseVC.m */ = {isa = PBXFileReference; lastKnownFileType = sourcecode.c.objc; path = YCAssetListBaseVC.m; sourceTree = "<group>"; };
		0DA22A63255BCAA2005358F0 /* YCMineVC.h */ = {isa = PBXFileReference; lastKnownFileType = sourcecode.c.h; path = YCMineVC.h; sourceTree = "<group>"; };
		0DA22A64255BCAA2005358F0 /* YCMineVC.m */ = {isa = PBXFileReference; lastKnownFileType = sourcecode.c.objc; path = YCMineVC.m; sourceTree = "<group>"; };
		0DA22A6D255BD382005358F0 /* YCAssetListBaseCell.h */ = {isa = PBXFileReference; lastKnownFileType = sourcecode.c.h; path = YCAssetListBaseCell.h; sourceTree = "<group>"; };
		0DA22A6E255BD382005358F0 /* YCAssetListBaseCell.m */ = {isa = PBXFileReference; lastKnownFileType = sourcecode.c.objc; path = YCAssetListBaseCell.m; sourceTree = "<group>"; };
		0DA22A74255BD7E8005358F0 /* PMAsset.h */ = {isa = PBXFileReference; fileEncoding = 4; lastKnownFileType = sourcecode.c.h; path = PMAsset.h; sourceTree = "<group>"; };
		0DA22A75255BD7E8005358F0 /* PMAsset.m */ = {isa = PBXFileReference; fileEncoding = 4; lastKnownFileType = sourcecode.c.objc; path = PMAsset.m; sourceTree = "<group>"; };
		0DA22A78255BD87C005358F0 /* NSObject+PerformBlockAfterDelay.h */ = {isa = PBXFileReference; fileEncoding = 4; lastKnownFileType = sourcecode.c.h; path = "NSObject+PerformBlockAfterDelay.h"; sourceTree = "<group>"; };
		0DA22A79255BD87C005358F0 /* NSObject+PerformBlockAfterDelay.m */ = {isa = PBXFileReference; fileEncoding = 4; lastKnownFileType = sourcecode.c.objc; path = "NSObject+PerformBlockAfterDelay.m"; sourceTree = "<group>"; };
		0DA22A7C255BE359005358F0 /* YCUtil.h */ = {isa = PBXFileReference; lastKnownFileType = sourcecode.c.h; path = YCUtil.h; sourceTree = "<group>"; };
		0DA22A7D255BE359005358F0 /* YCUtil.m */ = {isa = PBXFileReference; lastKnownFileType = sourcecode.c.objc; path = YCUtil.m; sourceTree = "<group>"; };
		0DA22A81255D29E6005358F0 /* YCAssetPreviewVC.h */ = {isa = PBXFileReference; lastKnownFileType = sourcecode.c.h; path = YCAssetPreviewVC.h; sourceTree = "<group>"; };
		0DA22A82255D29E6005358F0 /* YCAssetPreviewVC.m */ = {isa = PBXFileReference; lastKnownFileType = sourcecode.c.objc; path = YCAssetPreviewVC.m; sourceTree = "<group>"; };
		0DA22A86255D2B3E005358F0 /* YCAssetPreviewCell.h */ = {isa = PBXFileReference; lastKnownFileType = sourcecode.c.h; path = YCAssetPreviewCell.h; sourceTree = "<group>"; };
		0DA22A87255D2B3E005358F0 /* YCAssetPreviewCell.m */ = {isa = PBXFileReference; lastKnownFileType = sourcecode.c.objc; path = YCAssetPreviewCell.m; sourceTree = "<group>"; };
		0DA22A8C255D397A005358F0 /* YCAssetsManager.h */ = {isa = PBXFileReference; lastKnownFileType = sourcecode.c.h; path = YCAssetsManager.h; sourceTree = "<group>"; };
		0DA22A8D255D397A005358F0 /* YCAssetsManager.m */ = {isa = PBXFileReference; lastKnownFileType = sourcecode.c.objc; path = YCAssetsManager.m; sourceTree = "<group>"; };
		0DA26FE525622D5F0096B5BB /* YCAlbumListBaseCell.h */ = {isa = PBXFileReference; lastKnownFileType = sourcecode.c.h; path = YCAlbumListBaseCell.h; sourceTree = "<group>"; };
		0DA26FE625622D5F0096B5BB /* YCAlbumListBaseCell.m */ = {isa = PBXFileReference; lastKnownFileType = sourcecode.c.objc; path = YCAlbumListBaseCell.m; sourceTree = "<group>"; };
		0DA26FF0256278470096B5BB /* BugList.md */ = {isa = PBXFileReference; lastKnownFileType = net.daringfireball.markdown; path = BugList.md; sourceTree = "<group>"; };
		0DAE261B25622A07001C7D5A /* YCAlbumListBaseVC.h */ = {isa = PBXFileReference; lastKnownFileType = sourcecode.c.h; path = YCAlbumListBaseVC.h; sourceTree = "<group>"; };
		0DAE261C25622A07001C7D5A /* YCAlbumListBaseVC.m */ = {isa = PBXFileReference; lastKnownFileType = sourcecode.c.objc; path = YCAlbumListBaseVC.m; sourceTree = "<group>"; };
		0DF41D3D256663B600CFFFDE /* YCPreviewTransitionLayout.h */ = {isa = PBXFileReference; lastKnownFileType = sourcecode.c.h; path = YCPreviewTransitionLayout.h; sourceTree = "<group>"; };
		0DF41D3E256663B600CFFFDE /* YCPreviewTransitionLayout.m */ = {isa = PBXFileReference; lastKnownFileType = sourcecode.c.objc; path = YCPreviewTransitionLayout.m; sourceTree = "<group>"; };
/* End PBXFileReference section */

/* Begin PBXFrameworksBuildPhase section */
		0DA22A37255BC015005358F0 /* Frameworks */ = {
			isa = PBXFrameworksBuildPhase;
			buildActionMask = 2147483647;
			files = (
				0D85C98D256BE67C0044C0F5 /* opencv2.framework in Frameworks */,
			);
			runOnlyForDeploymentPostprocessing = 0;
		};
/* End PBXFrameworksBuildPhase section */

/* Begin PBXGroup section */
		0D51685525751F0B00130514 /* SVProgressHUD */ = {
			isa = PBXGroup;
			children = (
				0D51685625751F0B00130514 /* SVRadialGradientLayer.m */,
				0D51685725751F0B00130514 /* SVIndefiniteAnimatedView.h */,
				0D51685825751F0B00130514 /* SVProgressHUD.h */,
				0D51685925751F0B00130514 /* SVProgressAnimatedView.m */,
				0D51685A25751F0B00130514 /* SVProgressHUD-Prefix.pch */,
				0D51685B25751F0B00130514 /* SVRadialGradientLayer.h */,
				0D51685C25751F0B00130514 /* SVProgressHUD.m */,
				0D51685D25751F0B00130514 /* SVIndefiniteAnimatedView.m */,
				0D51685E25751F0B00130514 /* SVProgressHUD.bundle */,
				0D51685F25751F0B00130514 /* SVProgressAnimatedView.h */,
			);
			path = SVProgressHUD;
			sourceTree = "<group>";
		};
		0D5456E1256FD99E00CE20DE /* Gesture */ = {
			isa = PBXGroup;
			children = (
				0D5456DC256FD8B500CE20DE /* YCPreviewGestureHintNext.h */,
				0D5456DD256FD8B500CE20DE /* YCPreviewGestureHintNext.m */,
				0D5456D7256FD76E00CE20DE /* YCPreviewGestureScaleNext.h */,
				0D5456D8256FD76E00CE20DE /* YCPreviewGestureScaleNext.m */,
				0D5456D2256FCE5900CE20DE /* YCPreviewGesture.h */,
				0D5456D3256FCE5900CE20DE /* YCPreviewGesture.m */,
			);
			path = Gesture;
			sourceTree = "<group>";
		};
		0D9AF95C255FE807006F6B9B /* Category */ = {
			isa = PBXGroup;
			children = (
				0D9AF95E255FE835006F6B9B /* UIImageView+YCImageView.h */,
				0D9AF95D255FE834006F6B9B /* UIImageView+YCImageView.m */,
				0D199D412570AD9C00E32E3E /* UIImage+Size.h */,
				0D199D422570AD9C00E32E3E /* UIImage+Size.m */,
			);
			path = Category;
			sourceTree = "<group>";
		};
		0DA22A31255BC015005358F0 = {
			isa = PBXGroup;
			children = (
				0DA22A3C255BC015005358F0 /* YCPictureManager */,
				0DA22A3B255BC015005358F0 /* Products */,
			);
			sourceTree = "<group>";
		};
		0DA22A3B255BC015005358F0 /* Products */ = {
			isa = PBXGroup;
			children = (
				0DA22A3A255BC015005358F0 /* YCPictureManager.app */,
			);
			name = Products;
			sourceTree = "<group>";
		};
		0DA22A3C255BC015005358F0 /* YCPictureManager */ = {
			isa = PBXGroup;
			children = (
				0D199D472570F44100E32E3E /* YCResultSetBaseVC.h */,
				0D199D482570F44100E32E3E /* YCResultSetBaseVC.m */,
				0D3577792571F87E0097E0DF /* YCBottomBar.h */,
				0D35777A2571F87E0097E0DF /* YCBottomBar.m */,
				0D85C981256BDA470044C0F5 /* YCLikeTestVC.h */,
				0D85C982256BDA470044C0F5 /* YCLikeTestVC.m */,
				0DA26FF0256278470096B5BB /* BugList.md */,
				0DAE261F25622A0C001C7D5A /* AlbumList */,
				0DA22A91255D3987005358F0 /* AssetManager */,
				0DA22A6A255BD329005358F0 /* AssetList */,
				0DA22A80255D2886005358F0 /* AssetDetail */,
				0DA22A72255BD7D9005358F0 /* Lib */,
				0D9AF95C255FE807006F6B9B /* Category */,
				0DA22A61255BCA58005358F0 /* Others */,
				0DA22A6B255BD340005358F0 /* TabBar */,
				0DA22A63255BCAA2005358F0 /* YCMineVC.h */,
				0DA22A64255BCAA2005358F0 /* YCMineVC.m */,
			);
			path = YCPictureManager;
			sourceTree = "<group>";
		};
		0DA22A61255BCA58005358F0 /* Others */ = {
			isa = PBXGroup;
			children = (
				0DA22A3D255BC015005358F0 /* AppDelegate.h */,
				0DA22A3E255BC015005358F0 /* AppDelegate.m */,
				0DA22A40255BC015005358F0 /* SceneDelegate.h */,
				0DA22A41255BC015005358F0 /* SceneDelegate.m */,
				0DA22A46255BC015005358F0 /* Main.storyboard */,
				0DA22A49255BC016005358F0 /* Assets.xcassets */,
				0DA22A4B255BC016005358F0 /* LaunchScreen.storyboard */,
				0DA22A4E255BC016005358F0 /* Info.plist */,
				0DA22A4F255BC016005358F0 /* main.m */,
			);
			name = Others;
			sourceTree = "<group>";
		};
		0DA22A6A255BD329005358F0 /* AssetList */ = {
			isa = PBXGroup;
			children = (
				0DA22A6C255BD354005358F0 /* View */,
				0DA22A5D255BCA4B005358F0 /* YCAssetListBaseVC.h */,
				0DA22A5E255BCA4B005358F0 /* YCAssetListBaseVC.m */,
			);
			path = AssetList;
			sourceTree = "<group>";
		};
		0DA22A6B255BD340005358F0 /* TabBar */ = {
			isa = PBXGroup;
			children = (
				0DA22A58255BC920005358F0 /* YCTabBarVC.h */,
				0DA22A59255BC920005358F0 /* YCTabBarVC.m */,
			);
			path = TabBar;
			sourceTree = "<group>";
		};
		0DA22A6C255BD354005358F0 /* View */ = {
			isa = PBXGroup;
			children = (
				0DA22A6D255BD382005358F0 /* YCAssetListBaseCell.h */,
				0DA22A6E255BD382005358F0 /* YCAssetListBaseCell.m */,
			);
			path = View;
			sourceTree = "<group>";
		};
		0DA22A72255BD7D9005358F0 /* Lib */ = {
			isa = PBXGroup;
			children = (
				0D51685525751F0B00130514 /* SVProgressHUD */,
				0D85C986256BE6790044C0F5 /* YCGetSimilarity.h */,
				0D85C988256BE6790044C0F5 /* YCGetSimilarity.m */,
				0D85C98A256BE67C0044C0F5 /* YCImageCompare.h */,
				0D85C987256BE6790044C0F5 /* YCImageCompare.mm */,
				0D85C989256BE67C0044C0F5 /* opencv2.framework */,
				0DA22A78255BD87C005358F0 /* NSObject+PerformBlockAfterDelay.h */,
				0DA22A79255BD87C005358F0 /* NSObject+PerformBlockAfterDelay.m */,
				0DA22A73255BD7E8005358F0 /* PMAsset */,
				0DA22A7C255BE359005358F0 /* YCUtil.h */,
				0DA22A7D255BE359005358F0 /* YCUtil.m */,
			);
			path = Lib;
			sourceTree = "<group>";
		};
		0DA22A73255BD7E8005358F0 /* PMAsset */ = {
			isa = PBXGroup;
			children = (
				0DA22A74255BD7E8005358F0 /* PMAsset.h */,
				0DA22A75255BD7E8005358F0 /* PMAsset.m */,
			);
			path = PMAsset;
			sourceTree = "<group>";
		};
		0DA22A80255D2886005358F0 /* AssetDetail */ = {
			isa = PBXGroup;
			children = (
				0DA22A81255D29E6005358F0 /* YCAssetPreviewVC.h */,
				0DA22A82255D29E6005358F0 /* YCAssetPreviewVC.m */,
				0DA22A8A255D2B45005358F0 /* View */,
				0D5456E1256FD99E00CE20DE /* Gesture */,
			);
			path = AssetDetail;
			sourceTree = "<group>";
		};
		0DA22A8A255D2B45005358F0 /* View */ = {
			isa = PBXGroup;
			children = (
				0DA22A86255D2B3E005358F0 /* YCAssetPreviewCell.h */,
				0DA22A87255D2B3E005358F0 /* YCAssetPreviewCell.m */,
				0DF41D3D256663B600CFFFDE /* YCPreviewTransitionLayout.h */,
				0DF41D3E256663B600CFFFDE /* YCPreviewTransitionLayout.m */,
			);
			path = View;
			sourceTree = "<group>";
		};
		0DA22A91255D3987005358F0 /* AssetManager */ = {
			isa = PBXGroup;
			children = (
				0DA22A8C255D397A005358F0 /* YCAssetsManager.h */,
				0DA22A8D255D397A005358F0 /* YCAssetsManager.m */,
			);
			path = AssetManager;
			sourceTree = "<group>";
		};
		0DAE261F25622A0C001C7D5A /* AlbumList */ = {
			isa = PBXGroup;
			children = (
				0DA26FE525622D5F0096B5BB /* YCAlbumListBaseCell.h */,
				0DA26FE625622D5F0096B5BB /* YCAlbumListBaseCell.m */,
				0DAE261B25622A07001C7D5A /* YCAlbumListBaseVC.h */,
				0DAE261C25622A07001C7D5A /* YCAlbumListBaseVC.m */,
			);
			path = AlbumList;
			sourceTree = "<group>";
		};
/* End PBXGroup section */

/* Begin PBXNativeTarget section */
		0DA22A39255BC015005358F0 /* YCPictureManager */ = {
			isa = PBXNativeTarget;
			buildConfigurationList = 0DA22A53255BC016005358F0 /* Build configuration list for PBXNativeTarget "YCPictureManager" */;
			buildPhases = (
				0DA22A36255BC015005358F0 /* Sources */,
				0DA22A37255BC015005358F0 /* Frameworks */,
				0DA22A38255BC015005358F0 /* Resources */,
			);
			buildRules = (
			);
			dependencies = (
			);
			name = YCPictureManager;
			productName = YCPictureManager;
			productReference = 0DA22A3A255BC015005358F0 /* YCPictureManager.app */;
			productType = "com.apple.product-type.application";
		};
/* End PBXNativeTarget section */

/* Begin PBXProject section */
		0DA22A32255BC015005358F0 /* Project object */ = {
			isa = PBXProject;
			attributes = {
				LastUpgradeCheck = 1200;
				TargetAttributes = {
					0DA22A39255BC015005358F0 = {
						CreatedOnToolsVersion = 12.0.1;
					};
				};
			};
			buildConfigurationList = 0DA22A35255BC015005358F0 /* Build configuration list for PBXProject "YCPictureManager" */;
			compatibilityVersion = "Xcode 9.3";
			developmentRegion = en;
			hasScannedForEncodings = 0;
			knownRegions = (
				en,
				Base,
			);
			mainGroup = 0DA22A31255BC015005358F0;
			productRefGroup = 0DA22A3B255BC015005358F0 /* Products */;
			projectDirPath = "";
			projectRoot = "";
			targets = (
				0DA22A39255BC015005358F0 /* YCPictureManager */,
			);
		};
/* End PBXProject section */

/* Begin PBXResourcesBuildPhase section */
		0DA22A38255BC015005358F0 /* Resources */ = {
			isa = PBXResourcesBuildPhase;
			buildActionMask = 2147483647;
			files = (
				0DA22A4D255BC016005358F0 /* LaunchScreen.storyboard in Resources */,
				0DA22A4A255BC016005358F0 /* Assets.xcassets in Resources */,
				0DA22A48255BC015005358F0 /* Main.storyboard in Resources */,
				0D51686425751F0B00130514 /* SVProgressHUD.bundle in Resources */,
			);
			runOnlyForDeploymentPostprocessing = 0;
		};
/* End PBXResourcesBuildPhase section */

/* Begin PBXSourcesBuildPhase section */
		0DA22A36255BC015005358F0 /* Sources */ = {
			isa = PBXSourcesBuildPhase;
			buildActionMask = 2147483647;
			files = (
				0DA22A6F255BD382005358F0 /* YCAssetListBaseCell.m in Sources */,
				0DA22A76255BD7E8005358F0 /* PMAsset.m in Sources */,
				0DA22A5F255BCA4B005358F0 /* YCAssetListBaseVC.m in Sources */,
				0D51686125751F0B00130514 /* SVProgressAnimatedView.m in Sources */,
				0DA22A8E255D397A005358F0 /* YCAssetsManager.m in Sources */,
				0D51686325751F0B00130514 /* SVIndefiniteAnimatedView.m in Sources */,
				0D35777B2571F87F0097E0DF /* YCBottomBar.m in Sources */,
				0DF41D3F256663B600CFFFDE /* YCPreviewTransitionLayout.m in Sources */,
				0D85C98C256BE67C0044C0F5 /* YCGetSimilarity.m in Sources */,
				0DA26FE725622D5F0096B5BB /* YCAlbumListBaseCell.m in Sources */,
				0D51686225751F0B00130514 /* SVProgressHUD.m in Sources */,
				0DAE261D25622A07001C7D5A /* YCAlbumListBaseVC.m in Sources */,
				0D199D432570AD9C00E32E3E /* UIImage+Size.m in Sources */,
				0D85C983256BDA470044C0F5 /* YCLikeTestVC.m in Sources */,
				0DA22A7A255BD87C005358F0 /* NSObject+PerformBlockAfterDelay.m in Sources */,
				0D85C98B256BE67C0044C0F5 /* YCImageCompare.mm in Sources */,
				0DA22A65255BCAA2005358F0 /* YCMineVC.m in Sources */,
				0DA22A88255D2B3E005358F0 /* YCAssetPreviewCell.m in Sources */,
				0D9AF95F255FE835006F6B9B /* UIImageView+YCImageView.m in Sources */,
				0DA22A7E255BE359005358F0 /* YCUtil.m in Sources */,
				0DA22A5A255BC920005358F0 /* YCTabBarVC.m in Sources */,
				0D5456D4256FCE5900CE20DE /* YCPreviewGesture.m in Sources */,
				0D51686025751F0B00130514 /* SVRadialGradientLayer.m in Sources */,
				0DA22A3F255BC015005358F0 /* AppDelegate.m in Sources */,
				0D5456DE256FD8B500CE20DE /* YCPreviewGestureHintNext.m in Sources */,
				0DA22A50255BC016005358F0 /* main.m in Sources */,
				0DA22A42255BC015005358F0 /* SceneDelegate.m in Sources */,
				0D199D492570F44100E32E3E /* YCResultSetBaseVC.m in Sources */,
				0D5456D9256FD76E00CE20DE /* YCPreviewGestureScaleNext.m in Sources */,
				0DA22A83255D29E6005358F0 /* YCAssetPreviewVC.m in Sources */,
			);
			runOnlyForDeploymentPostprocessing = 0;
		};
/* End PBXSourcesBuildPhase section */

/* Begin PBXVariantGroup section */
		0DA22A46255BC015005358F0 /* Main.storyboard */ = {
			isa = PBXVariantGroup;
			children = (
				0DA22A47255BC015005358F0 /* Base */,
			);
			name = Main.storyboard;
			sourceTree = "<group>";
		};
		0DA22A4B255BC016005358F0 /* LaunchScreen.storyboard */ = {
			isa = PBXVariantGroup;
			children = (
				0DA22A4C255BC016005358F0 /* Base */,
			);
			name = LaunchScreen.storyboard;
			sourceTree = "<group>";
		};
/* End PBXVariantGroup section */

/* Begin XCBuildConfiguration section */
		0DA22A51255BC016005358F0 /* Debug */ = {
			isa = XCBuildConfiguration;
			buildSettings = {
				ALWAYS_SEARCH_USER_PATHS = NO;
				CLANG_ANALYZER_NONNULL = YES;
				CLANG_ANALYZER_NUMBER_OBJECT_CONVERSION = YES_AGGRESSIVE;
				CLANG_CXX_LANGUAGE_STANDARD = "gnu++14";
				CLANG_CXX_LIBRARY = "libc++";
				CLANG_ENABLE_MODULES = YES;
				CLANG_ENABLE_OBJC_ARC = YES;
				CLANG_ENABLE_OBJC_WEAK = YES;
				CLANG_WARN_BLOCK_CAPTURE_AUTORELEASING = YES;
				CLANG_WARN_BOOL_CONVERSION = YES;
				CLANG_WARN_COMMA = YES;
				CLANG_WARN_CONSTANT_CONVERSION = YES;
				CLANG_WARN_DEPRECATED_OBJC_IMPLEMENTATIONS = YES;
				CLANG_WARN_DIRECT_OBJC_ISA_USAGE = YES_ERROR;
				CLANG_WARN_DOCUMENTATION_COMMENTS = YES;
				CLANG_WARN_EMPTY_BODY = YES;
				CLANG_WARN_ENUM_CONVERSION = YES;
				CLANG_WARN_INFINITE_RECURSION = YES;
				CLANG_WARN_INT_CONVERSION = YES;
				CLANG_WARN_NON_LITERAL_NULL_CONVERSION = YES;
				CLANG_WARN_OBJC_IMPLICIT_RETAIN_SELF = YES;
				CLANG_WARN_OBJC_LITERAL_CONVERSION = YES;
				CLANG_WARN_OBJC_ROOT_CLASS = YES_ERROR;
				CLANG_WARN_QUOTED_INCLUDE_IN_FRAMEWORK_HEADER = YES;
				CLANG_WARN_RANGE_LOOP_ANALYSIS = YES;
				CLANG_WARN_STRICT_PROTOTYPES = YES;
				CLANG_WARN_SUSPICIOUS_MOVE = YES;
				CLANG_WARN_UNGUARDED_AVAILABILITY = YES_AGGRESSIVE;
				CLANG_WARN_UNREACHABLE_CODE = YES;
				CLANG_WARN__DUPLICATE_METHOD_MATCH = YES;
				COPY_PHASE_STRIP = NO;
				DEBUG_INFORMATION_FORMAT = dwarf;
				ENABLE_BITCODE = NO;
				ENABLE_STRICT_OBJC_MSGSEND = YES;
				ENABLE_TESTABILITY = YES;
				GCC_C_LANGUAGE_STANDARD = gnu11;
				GCC_DYNAMIC_NO_PIC = NO;
				GCC_NO_COMMON_BLOCKS = YES;
				GCC_OPTIMIZATION_LEVEL = 0;
				GCC_PREPROCESSOR_DEFINITIONS = (
					"DEBUG=1",
					"$(inherited)",
				);
				GCC_WARN_64_TO_32_BIT_CONVERSION = YES;
				GCC_WARN_ABOUT_RETURN_TYPE = YES_ERROR;
				GCC_WARN_UNDECLARED_SELECTOR = YES;
				GCC_WARN_UNINITIALIZED_AUTOS = YES_AGGRESSIVE;
				GCC_WARN_UNUSED_FUNCTION = YES;
				GCC_WARN_UNUSED_VARIABLE = YES;
				IPHONEOS_DEPLOYMENT_TARGET = 14.0;
				MTL_ENABLE_DEBUG_INFO = INCLUDE_SOURCE;
				MTL_FAST_MATH = YES;
				ONLY_ACTIVE_ARCH = YES;
				SDKROOT = iphoneos;
			};
			name = Debug;
		};
		0DA22A52255BC016005358F0 /* Release */ = {
			isa = XCBuildConfiguration;
			buildSettings = {
				ALWAYS_SEARCH_USER_PATHS = NO;
				CLANG_ANALYZER_NONNULL = YES;
				CLANG_ANALYZER_NUMBER_OBJECT_CONVERSION = YES_AGGRESSIVE;
				CLANG_CXX_LANGUAGE_STANDARD = "gnu++14";
				CLANG_CXX_LIBRARY = "libc++";
				CLANG_ENABLE_MODULES = YES;
				CLANG_ENABLE_OBJC_ARC = YES;
				CLANG_ENABLE_OBJC_WEAK = YES;
				CLANG_WARN_BLOCK_CAPTURE_AUTORELEASING = YES;
				CLANG_WARN_BOOL_CONVERSION = YES;
				CLANG_WARN_COMMA = YES;
				CLANG_WARN_CONSTANT_CONVERSION = YES;
				CLANG_WARN_DEPRECATED_OBJC_IMPLEMENTATIONS = YES;
				CLANG_WARN_DIRECT_OBJC_ISA_USAGE = YES_ERROR;
				CLANG_WARN_DOCUMENTATION_COMMENTS = YES;
				CLANG_WARN_EMPTY_BODY = YES;
				CLANG_WARN_ENUM_CONVERSION = YES;
				CLANG_WARN_INFINITE_RECURSION = YES;
				CLANG_WARN_INT_CONVERSION = YES;
				CLANG_WARN_NON_LITERAL_NULL_CONVERSION = YES;
				CLANG_WARN_OBJC_IMPLICIT_RETAIN_SELF = YES;
				CLANG_WARN_OBJC_LITERAL_CONVERSION = YES;
				CLANG_WARN_OBJC_ROOT_CLASS = YES_ERROR;
				CLANG_WARN_QUOTED_INCLUDE_IN_FRAMEWORK_HEADER = YES;
				CLANG_WARN_RANGE_LOOP_ANALYSIS = YES;
				CLANG_WARN_STRICT_PROTOTYPES = YES;
				CLANG_WARN_SUSPICIOUS_MOVE = YES;
				CLANG_WARN_UNGUARDED_AVAILABILITY = YES_AGGRESSIVE;
				CLANG_WARN_UNREACHABLE_CODE = YES;
				CLANG_WARN__DUPLICATE_METHOD_MATCH = YES;
				COPY_PHASE_STRIP = NO;
				DEBUG_INFORMATION_FORMAT = "dwarf-with-dsym";
				ENABLE_BITCODE = NO;
				ENABLE_NS_ASSERTIONS = NO;
				ENABLE_STRICT_OBJC_MSGSEND = YES;
				GCC_C_LANGUAGE_STANDARD = gnu11;
				GCC_NO_COMMON_BLOCKS = YES;
				GCC_WARN_64_TO_32_BIT_CONVERSION = YES;
				GCC_WARN_ABOUT_RETURN_TYPE = YES_ERROR;
				GCC_WARN_UNDECLARED_SELECTOR = YES;
				GCC_WARN_UNINITIALIZED_AUTOS = YES_AGGRESSIVE;
				GCC_WARN_UNUSED_FUNCTION = YES;
				GCC_WARN_UNUSED_VARIABLE = YES;
				IPHONEOS_DEPLOYMENT_TARGET = 14.0;
				MTL_ENABLE_DEBUG_INFO = NO;
				MTL_FAST_MATH = YES;
				SDKROOT = iphoneos;
				VALIDATE_PRODUCT = YES;
			};
			name = Release;
		};
		0DA22A54255BC016005358F0 /* Debug */ = {
			isa = XCBuildConfiguration;
			buildSettings = {
				ASSETCATALOG_COMPILER_APPICON_NAME = AppIcon;
				ASSETCATALOG_COMPILER_GLOBAL_ACCENT_COLOR_NAME = AccentColor;
				CODE_SIGN_STYLE = Automatic;
				DEVELOPMENT_TEAM = 3L5KTD45Z4;
				FRAMEWORK_SEARCH_PATHS = (
					"$(inherited)",
					"$(PROJECT_DIR)/YCPictureManager/Lib",
				);
				INFOPLIST_FILE = YCPictureManager/Info.plist;
				LD_RUNPATH_SEARCH_PATHS = (
					"$(inherited)",
					"@executable_path/Frameworks",
				);
				PRODUCT_BUNDLE_IDENTIFIER = yc.yc.YCPictureManager;
				PRODUCT_NAME = "$(TARGET_NAME)";
				TARGETED_DEVICE_FAMILY = "1,2";
			};
			name = Debug;
		};
		0DA22A55255BC016005358F0 /* Release */ = {
			isa = XCBuildConfiguration;
			buildSettings = {
				ASSETCATALOG_COMPILER_APPICON_NAME = AppIcon;
				ASSETCATALOG_COMPILER_GLOBAL_ACCENT_COLOR_NAME = AccentColor;
				CODE_SIGN_STYLE = Automatic;
				DEVELOPMENT_TEAM = 3L5KTD45Z4;
				FRAMEWORK_SEARCH_PATHS = (
					"$(inherited)",
					"$(PROJECT_DIR)/YCPictureManager/Lib",
				);
				INFOPLIST_FILE = YCPictureManager/Info.plist;
				LD_RUNPATH_SEARCH_PATHS = (
					"$(inherited)",
					"@executable_path/Frameworks",
				);
				PRODUCT_BUNDLE_IDENTIFIER = yc.yc.YCPictureManager;
				PRODUCT_NAME = "$(TARGET_NAME)";
				TARGETED_DEVICE_FAMILY = "1,2";
			};
			name = Release;
		};
/* End XCBuildConfiguration section */

/* Begin XCConfigurationList section */
		0DA22A35255BC015005358F0 /* Build configuration list for PBXProject "YCPictureManager" */ = {
			isa = XCConfigurationList;
			buildConfigurations = (
				0DA22A51255BC016005358F0 /* Debug */,
				0DA22A52255BC016005358F0 /* Release */,
			);
			defaultConfigurationIsVisible = 0;
			defaultConfigurationName = Release;
		};
		0DA22A53255BC016005358F0 /* Build configuration list for PBXNativeTarget "YCPictureManager" */ = {
			isa = XCConfigurationList;
			buildConfigurations = (
				0DA22A54255BC016005358F0 /* Debug */,
				0DA22A55255BC016005358F0 /* Release */,
			);
			defaultConfigurationIsVisible = 0;
			defaultConfigurationName = Release;
		};
/* End XCConfigurationList section */
	};
	rootObject = 0DA22A32255BC015005358F0 /* Project object */;
}
